// !$*UTF8*$!
{
	archiveVersion = 1;
	classes = {
	};
	objectVersion = 46;
	objects = {

/* Begin PBXBuildFile section */
		28896D0F1A893F5400E96541 /* main.m in Sources */ = {isa = PBXBuildFile; fileRef = 28896D0E1A893F5400E96541 /* main.m */; };
		28896D121A893F5400E96541 /* AppDelegate.m in Sources */ = {isa = PBXBuildFile; fileRef = 28896D111A893F5400E96541 /* AppDelegate.m */; };
		28896D151A893F5400E96541 /* FirstViewController.m in Sources */ = {isa = PBXBuildFile; fileRef = 28896D141A893F5400E96541 /* FirstViewController.m */; };
		28896D181A893F5400E96541 /* SecondViewController.m in Sources */ = {isa = PBXBuildFile; fileRef = 28896D171A893F5400E96541 /* SecondViewController.m */; };
		28896D1B1A893F5400E96541 /* Main.storyboard in Resources */ = {isa = PBXBuildFile; fileRef = 28896D191A893F5400E96541 /* Main.storyboard */; };
		28896D1D1A893F5500E96541 /* Images.xcassets in Resources */ = {isa = PBXBuildFile; fileRef = 28896D1C1A893F5500E96541 /* Images.xcassets */; };
		28896D201A893F5500E96541 /* LaunchScreen.xib in Resources */ = {isa = PBXBuildFile; fileRef = 28896D1E1A893F5500E96541 /* LaunchScreen.xib */; };
		28896D2C1A893F5500E96541 /* HeadyMapperTests.m in Sources */ = {isa = PBXBuildFile; fileRef = 28896D2B1A893F5500E96541 /* HeadyMapperTests.m */; };
/* End PBXBuildFile section */

/* Begin PBXContainerItemProxy section */
		28896D261A893F5500E96541 /* PBXContainerItemProxy */ = {
			isa = PBXContainerItemProxy;
			containerPortal = 28896D011A893F5400E96541 /* Project object */;
			proxyType = 1;
			remoteGlobalIDString = 28896D081A893F5400E96541;
			remoteInfo = HeadyMapper;
		};
/* End PBXContainerItemProxy section */

/* Begin PBXFileReference section */
		28896D091A893F5400E96541 /* HeadyMapper.app */ = {isa = PBXFileReference; explicitFileType = wrapper.application; includeInIndex = 0; path = HeadyMapper.app; sourceTree = BUILT_PRODUCTS_DIR; };
		28896D0D1A893F5400E96541 /* Info.plist */ = {isa = PBXFileReference; lastKnownFileType = text.plist.xml; path = Info.plist; sourceTree = "<group>"; };
		28896D0E1A893F5400E96541 /* main.m */ = {isa = PBXFileReference; lastKnownFileType = sourcecode.c.objc; path = main.m; sourceTree = "<group>"; };
		28896D101A893F5400E96541 /* AppDelegate.h */ = {isa = PBXFileReference; lastKnownFileType = sourcecode.c.h; path = AppDelegate.h; sourceTree = "<group>"; };
		28896D111A893F5400E96541 /* AppDelegate.m */ = {isa = PBXFileReference; lastKnownFileType = sourcecode.c.objc; path = AppDelegate.m; sourceTree = "<group>"; };
		28896D131A893F5400E96541 /* FirstViewController.h */ = {isa = PBXFileReference; lastKnownFileType = sourcecode.c.h; path = FirstViewController.h; sourceTree = "<group>"; };
		28896D141A893F5400E96541 /* FirstViewController.m */ = {isa = PBXFileReference; lastKnownFileType = sourcecode.c.objc; path = FirstViewController.m; sourceTree = "<group>"; };
		28896D161A893F5400E96541 /* SecondViewController.h */ = {isa = PBXFileReference; lastKnownFileType = sourcecode.c.h; path = SecondViewController.h; sourceTree = "<group>"; };
		28896D171A893F5400E96541 /* SecondViewController.m */ = {isa = PBXFileReference; lastKnownFileType = sourcecode.c.objc; path = SecondViewController.m; sourceTree = "<group>"; };
		28896D1A1A893F5400E96541 /* Base */ = {isa = PBXFileReference; lastKnownFileType = file.storyboard; name = Base; path = Base.lproj/Main.storyboard; sourceTree = "<group>"; };
		28896D1C1A893F5500E96541 /* Images.xcassets */ = {isa = PBXFileReference; lastKnownFileType = folder.assetcatalog; path = Images.xcassets; sourceTree = "<group>"; };
		28896D1F1A893F5500E96541 /* Base */ = {isa = PBXFileReference; lastKnownFileType = file.xib; name = Base; path = Base.lproj/LaunchScreen.xib; sourceTree = "<group>"; };
		28896D251A893F5500E96541 /* HeadyMapperTests.xctest */ = {isa = PBXFileReference; explicitFileType = wrapper.cfbundle; includeInIndex = 0; path = HeadyMapperTests.xctest; sourceTree = BUILT_PRODUCTS_DIR; };
		28896D2A1A893F5500E96541 /* Info.plist */ = {isa = PBXFileReference; lastKnownFileType = text.plist.xml; path = Info.plist; sourceTree = "<group>"; };
		28896D2B1A893F5500E96541 /* HeadyMapperTests.m */ = {isa = PBXFileReference; lastKnownFileType = sourcecode.c.objc; path = HeadyMapperTests.m; sourceTree = "<group>"; };
/* End PBXFileReference section */

/* Begin PBXFrameworksBuildPhase section */
		28896D061A893F5400E96541 /* Frameworks */ = {
			isa = PBXFrameworksBuildPhase;
			buildActionMask = 2147483647;
			files = (
			);
			runOnlyForDeploymentPostprocessing = 0;
		};
		28896D221A893F5500E96541 /* Frameworks */ = {
			isa = PBXFrameworksBuildPhase;
			buildActionMask = 2147483647;
			files = (
			);
			runOnlyForDeploymentPostprocessing = 0;
		};
/* End PBXFrameworksBuildPhase section */

/* Begin PBXGroup section */
		28896D001A893F5400E96541 = {
			isa = PBXGroup;
			children = (
				28896D0B1A893F5400E96541 /* HeadyMapper */,
				28896D281A893F5500E96541 /* HeadyMapperTests */,
				28896D0A1A893F5400E96541 /* Products */,
			);
			sourceTree = "<group>";
		};
		28896D0A1A893F5400E96541 /* Products */ = {
			isa = PBXGroup;
			children = (
				28896D091A893F5400E96541 /* HeadyMapper.app */,
				28896D251A893F5500E96541 /* HeadyMapperTests.xctest */,
			);
			name = Products;
			sourceTree = "<group>";
		};
		28896D0B1A893F5400E96541 /* HeadyMapper */ = {
			isa = PBXGroup;
			children = (
				28896D101A893F5400E96541 /* AppDelegate.h */,
				28896D111A893F5400E96541 /* AppDelegate.m */,
				28896D131A893F5400E96541 /* FirstViewController.h */,
				28896D141A893F5400E96541 /* FirstViewController.m */,
				28896D161A893F5400E96541 /* SecondViewController.h */,
				28896D171A893F5400E96541 /* SecondViewController.m */,
				28896D191A893F5400E96541 /* Main.storyboard */,
				28896D1C1A893F5500E96541 /* Images.xcassets */,
				28896D1E1A893F5500E96541 /* LaunchScreen.xib */,
				28896D0C1A893F5400E96541 /* Supporting Files */,
			);
			path = HeadyMapper;
			sourceTree = "<group>";
		};
		28896D0C1A893F5400E96541 /* Supporting Files */ = {
			isa = PBXGroup;
			children = (
				28896D0D1A893F5400E96541 /* Info.plist */,
				28896D0E1A893F5400E96541 /* main.m */,
			);
			name = "Supporting Files";
			sourceTree = "<group>";
		};
		28896D281A893F5500E96541 /* HeadyMapperTests */ = {
			isa = PBXGroup;
			children = (
				28896D2B1A893F5500E96541 /* HeadyMapperTests.m */,
				28896D291A893F5500E96541 /* Supporting Files */,
			);
			path = HeadyMapperTests;
			sourceTree = "<group>";
		};
		28896D291A893F5500E96541 /* Supporting Files */ = {
			isa = PBXGroup;
			children = (
				28896D2A1A893F5500E96541 /* Info.plist */,
			);
			name = "Supporting Files";
			sourceTree = "<group>";
		};
/* End PBXGroup section */

/* Begin PBXNativeTarget section */
		28896D081A893F5400E96541 /* HeadyMapper */ = {
			isa = PBXNativeTarget;
			buildConfigurationList = 28896D2F1A893F5500E96541 /* Build configuration list for PBXNativeTarget "HeadyMapper" */;
			buildPhases = (
				28896D051A893F5400E96541 /* Sources */,
				28896D061A893F5400E96541 /* Frameworks */,
				28896D071A893F5400E96541 /* Resources */,
			);
			buildRules = (
			);
			dependencies = (
			);
			name = HeadyMapper;
			productName = HeadyMapper;
			productReference = 28896D091A893F5400E96541 /* HeadyMapper.app */;
			productType = "com.apple.product-type.application";
		};
		28896D241A893F5500E96541 /* HeadyMapperTests */ = {
			isa = PBXNativeTarget;
			buildConfigurationList = 28896D321A893F5500E96541 /* Build configuration list for PBXNativeTarget "HeadyMapperTests" */;
			buildPhases = (
				28896D211A893F5500E96541 /* Sources */,
				28896D221A893F5500E96541 /* Frameworks */,
				28896D231A893F5500E96541 /* Resources */,
			);
			buildRules = (
			);
			dependencies = (
				28896D271A893F5500E96541 /* PBXTargetDependency */,
			);
			name = HeadyMapperTests;
			productName = HeadyMapperTests;
			productReference = 28896D251A893F5500E96541 /* HeadyMapperTests.xctest */;
			productType = "com.apple.product-type.bundle.unit-test";
		};
/* End PBXNativeTarget section */

/* Begin PBXProject section */
		28896D011A893F5400E96541 /* Project object */ = {
			isa = PBXProject;
			attributes = {
				LastUpgradeCheck = 0610;
				ORGANIZATIONNAME = "Will Potter";
				TargetAttributes = {
					28896D081A893F5400E96541 = {
						CreatedOnToolsVersion = 6.1.1;
					};
					28896D241A893F5500E96541 = {
						CreatedOnToolsVersion = 6.1.1;
						TestTargetID = 28896D081A893F5400E96541;
					};
				};
			};
			buildConfigurationList = 28896D041A893F5400E96541 /* Build configuration list for PBXProject "HeadyMapper" */;
			compatibilityVersion = "Xcode 3.2";
			developmentRegion = English;
			hasScannedForEncodings = 0;
			knownRegions = (
				en,
				Base,
			);
			mainGroup = 28896D001A893F5400E96541;
			productRefGroup = 28896D0A1A893F5400E96541 /* Products */;
			projectDirPath = "";
			projectRoot = "";
			targets = (
				28896D081A893F5400E96541 /* HeadyMapper */,
				28896D241A893F5500E96541 /* HeadyMapperTests */,
			);
		};
/* End PBXProject section */

/* Begin PBXResourcesBuildPhase section */
		28896D071A893F5400E96541 /* Resources */ = {
			isa = PBXResourcesBuildPhase;
			buildActionMask = 2147483647;
			files = (
				28896D1B1A893F5400E96541 /* Main.storyboard in Resources */,
				28896D201A893F5500E96541 /* LaunchScreen.xib in Resources */,
				28896D1D1A893F5500E96541 /* Images.xcassets in Resources */,
			);
			runOnlyForDeploymentPostprocessing = 0;
		};
		28896D231A893F5500E96541 /* Resources */ = {
			isa = PBXResourcesBuildPhase;
			buildActionMask = 2147483647;
			files = (
			);
			runOnlyForDeploymentPostprocessing = 0;
		};
/* End PBXResourcesBuildPhase section */

/* Begin PBXSourcesBuildPhase section */
		28896D051A893F5400E96541 /* Sources */ = {
			isa = PBXSourcesBuildPhase;
			buildActionMask = 2147483647;
			files = (
				28896D181A893F5400E96541 /* SecondViewController.m in Sources */,
				28896D121A893F5400E96541 /* AppDelegate.m in Sources */,
				28896D151A893F5400E96541 /* FirstViewController.m in Sources */,
				28896D0F1A893F5400E96541 /* main.m in Sources */,
			);
			runOnlyForDeploymentPostprocessing = 0;
		};
		28896D211A893F5500E96541 /* Sources */ = {
			isa = PBXSourcesBuildPhase;
			buildActionMask = 2147483647;
			files = (
				28896D2C1A893F5500E96541 /* HeadyMapperTests.m in Sources */,
			);
			runOnlyForDeploymentPostprocessing = 0;
		};
/* End PBXSourcesBuildPhase section */

/* Begin PBXTargetDependency section */
		28896D271A893F5500E96541 /* PBXTargetDependency */ = {
			isa = PBXTargetDependency;
			target = 28896D081A893F5400E96541 /* HeadyMapper */;
			targetProxy = 28896D261A893F5500E96541 /* PBXContainerItemProxy */;
		};
/* End PBXTargetDependency section */

/* Begin PBXVariantGroup section */
		28896D191A893F5400E96541 /* Main.storyboard */ = {
			isa = PBXVariantGroup;
			children = (
				28896D1A1A893F5400E96541 /* Base */,
			);
			name = Main.storyboard;
			sourceTree = "<group>";
		};
		28896D1E1A893F5500E96541 /* LaunchScreen.xib */ = {
			isa = PBXVariantGroup;
			children = (
				28896D1F1A893F5500E96541 /* Base */,
			);
			name = LaunchScreen.xib;
			sourceTree = "<group>";
		};
/* End PBXVariantGroup section */

/* Begin XCBuildConfiguration section */
		28896D2D1A893F5500E96541 /* Debug */ = {
			isa = XCBuildConfiguration;
			buildSettings = {
				ALWAYS_SEARCH_USER_PATHS = NO;
				CLANG_CXX_LANGUAGE_STANDARD = "gnu++0x";
				CLANG_CXX_LIBRARY = "libc++";
				CLANG_ENABLE_MODULES = YES;
				CLANG_ENABLE_OBJC_ARC = YES;
				CLANG_WARN_BOOL_CONVERSION = YES;
				CLANG_WARN_CONSTANT_CONVERSION = YES;
				CLANG_WARN_DIRECT_OBJC_ISA_USAGE = YES_ERROR;
				CLANG_WARN_EMPTY_BODY = YES;
				CLANG_WARN_ENUM_CONVERSION = YES;
				CLANG_WARN_INT_CONVERSION = YES;
				CLANG_WARN_OBJC_ROOT_CLASS = YES_ERROR;
				CLANG_WARN_UNREACHABLE_CODE = YES;
				CLANG_WARN__DUPLICATE_METHOD_MATCH = YES;
				"CODE_SIGN_IDENTITY[sdk=iphoneos*]" = "iPhone Developer";
				COPY_PHASE_STRIP = NO;
				ENABLE_STRICT_OBJC_MSGSEND = YES;
				GCC_C_LANGUAGE_STANDARD = gnu99;
				GCC_DYNAMIC_NO_PIC = NO;
				GCC_OPTIMIZATION_LEVEL = 0;
				GCC_PREPROCESSOR_DEFINITIONS = (
					"DEBUG=1",
					"$(inherited)",
				);
				GCC_SYMBOLS_PRIVATE_EXTERN = NO;
				GCC_WARN_64_TO_32_BIT_CONVERSION = YES;
				GCC_WARN_ABOUT_RETURN_TYPE = YES_ERROR;
				GCC_WARN_UNDECLARED_SELECTOR = YES;
				GCC_WARN_UNINITIALIZED_AUTOS = YES_AGGRESSIVE;
				GCC_WARN_UNUSED_FUNCTION = YES;
				GCC_WARN_UNUSED_VARIABLE = YES;
				IPHONEOS_DEPLOYMENT_TARGET = 8.1;
				MTL_ENABLE_DEBUG_INFO = YES;
				ONLY_ACTIVE_ARCH = YES;
				SDKROOT = iphoneos;
				TARGETED_DEVICE_FAMILY = "1,2";
			};
			name = Debug;
		};
		28896D2E1A893F5500E96541 /* Release */ = {
			isa = XCBuildConfiguration;
			buildSettings = {
				ALWAYS_SEARCH_USER_PATHS = NO;
				CLANG_CXX_LANGUAGE_STANDARD = "gnu++0x";
				CLANG_CXX_LIBRARY = "libc++";
				CLANG_ENABLE_MODULES = YES;
				CLANG_ENABLE_OBJC_ARC = YES;
				CLANG_WARN_BOOL_CONVERSION = YES;
				CLANG_WARN_CONSTANT_CONVERSION = YES;
				CLANG_WARN_DIRECT_OBJC_ISA_USAGE = YES_ERROR;
				CLANG_WARN_EMPTY_BODY = YES;
				CLANG_WARN_ENUM_CONVERSION = YES;
				CLANG_WARN_INT_CONVERSION = YES;
				CLANG_WARN_OBJC_ROOT_CLASS = YES_ERROR;
				CLANG_WARN_UNREACHABLE_CODE = YES;
				CLANG_WARN__DUPLICATE_METHOD_MATCH = YES;
				"CODE_SIGN_IDENTITY[sdk=iphoneos*]" = "iPhone Developer";
				COPY_PHASE_STRIP = YES;
				ENABLE_NS_ASSERTIONS = NO;
				ENABLE_STRICT_OBJC_MSGSEND = YES;
				GCC_C_LANGUAGE_STANDARD = gnu99;
				GCC_WARN_64_TO_32_BIT_CONVERSION = YES;
				GCC_WARN_ABOUT_RETURN_TYPE = YES_ERROR;
				GCC_WARN_UNDECLARED_SELECTOR = YES;
				GCC_WARN_UNINITIALIZED_AUTOS = YES_AGGRESSIVE;
				GCC_WARN_UNUSED_FUNCTION = YES;
				GCC_WARN_UNUSED_VARIABLE = YES;
				IPHONEOS_DEPLOYMENT_TARGET = 8.1;
				MTL_ENABLE_DEBUG_INFO = NO;
				SDKROOT = iphoneos;
				TARGETED_DEVICE_FAMILY = "1,2";
				VALIDATE_PRODUCT = YES;
			};
			name = Release;
		};
		28896D301A893F5500E96541 /* Debug */ = {
			isa = XCBuildConfiguration;
			buildSettings = {
				ASSETCATALOG_COMPILER_APPICON_NAME = AppIcon;
				INFOPLIST_FILE = HeadyMapper/Info.plist;
				LD_RUNPATH_SEARCH_PATHS = "$(inherited) @executable_path/Frameworks";
				PRODUCT_NAME = "$(TARGET_NAME)";
			};
			name = Debug;
		};
		28896D311A893F5500E96541 /* Release */ = {
			isa = XCBuildConfiguration;
			buildSettings = {
				ASSETCATALOG_COMPILER_APPICON_NAME = AppIcon;
				INFOPLIST_FILE = HeadyMapper/Info.plist;
				LD_RUNPATH_SEARCH_PATHS = "$(inherited) @executable_path/Frameworks";
				PRODUCT_NAME = "$(TARGET_NAME)";
			};
			name = Release;
		};
		28896D331A893F5500E96541 /* Debug */ = {
			isa = XCBuildConfiguration;
			buildSettings = {
				BUNDLE_LOADER = "$(TEST_HOST)";
				FRAMEWORK_SEARCH_PATHS = (
					"$(SDKROOT)/Developer/Library/Frameworks",
					"$(inherited)",
				);
				GCC_PREPROCESSOR_DEFINITIONS = (
					"DEBUG=1",
					"$(inherited)",
				);
				INFOPLIST_FILE = HeadyMapperTests/Info.plist;
				LD_RUNPATH_SEARCH_PATHS = "$(inherited) @executable_path/Frameworks @loader_path/Frameworks";
				PRODUCT_NAME = "$(TARGET_NAME)";
				TEST_HOST = "$(BUILT_PRODUCTS_DIR)/HeadyMapper.app/HeadyMapper";
			};
			name = Debug;
		};
		28896D341A893F5500E96541 /* Release */ = {
			isa = XCBuildConfiguration;
			buildSettings = {
				BUNDLE_LOADER = "$(TEST_HOST)";
				FRAMEWORK_SEARCH_PATHS = (
					"$(SDKROOT)/Developer/Library/Frameworks",
					"$(inherited)",
				);
				INFOPLIST_FILE = HeadyMapperTests/Info.plist;
				LD_RUNPATH_SEARCH_PATHS = "$(inherited) @executable_path/Frameworks @loader_path/Frameworks";
				PRODUCT_NAME = "$(TARGET_NAME)";
				TEST_HOST = "$(BUILT_PRODUCTS_DIR)/HeadyMapper.app/HeadyMapper";
			};
			name = Release;
		};
/* End XCBuildConfiguration section */

/* Begin XCConfigurationList section */
		28896D041A893F5400E96541 /* Build configuration list for PBXProject "HeadyMapper" */ = {
			isa = XCConfigurationList;
			buildConfigurations = (
				28896D2D1A893F5500E96541 /* Debug */,
				28896D2E1A893F5500E96541 /* Release */,
			);
			defaultConfigurationIsVisible = 0;
			defaultConfigurationName = Release;
		};
		28896D2F1A893F5500E96541 /* Build configuration list for PBXNativeTarget "HeadyMapper" */ = {
			isa = XCConfigurationList;
			buildConfigurations = (
				28896D301A893F5500E96541 /* Debug */,
				28896D311A893F5500E96541 /* Release */,
			);
			defaultConfigurationIsVisible = 0;
		};
		28896D321A893F5500E96541 /* Build configuration list for PBXNativeTarget "HeadyMapperTests" */ = {
			isa = XCConfigurationList;
			buildConfigurations = (
				28896D331A893F5500E96541 /* Debug */,
				28896D341A893F5500E96541 /* Release */,
			);
			defaultConfigurationIsVisible = 0;
		};
/* End XCConfigurationList section */
	};
	rootObject = 28896D011A893F5400E96541 /* Project object */;
}
